{
  "name": "offlinevalidation",
  "version": "1.0.0",
  "lockfileVersion": 2,
  "requires": true,
  "packages": {
    "": {
      "name": "offlinevalidation",
      "version": "1.0.0",
      "license": "ISC",
      "dependencies": {
        "@adplata/html-validate-offline": "^1.0.6",
        "html-validate-offline": "^1.0.6"
      }
    },
    "node_modules/@adplata/html-validate-offline": {
      "version": "1.0.6",
      "resolved": "https://registry.npmjs.org/@adplata/html-validate-offline/-/html-validate-offline-1.0.6.tgz",
      "integrity": "sha512-8jXNCfz52BFnuTZqZX6pFVlVqlTcTFs8Yuy9rf9FxYC176PdyMxYy77F6ME59gUFlsx7W/Fm+O+tAGVntNsTqg==",
      "dependencies": {
        "@hapi/boom": "^9.1.3"
      }
    },
    "node_modules/@hapi/boom": {
      "version": "9.1.4",
      "resolved": "https://registry.npmjs.org/@hapi/boom/-/boom-9.1.4.tgz",
      "integrity": "sha512-Ls1oH8jaN1vNsqcaHVYJrKmgMcKsC1wcp8bujvXrHaAqD2iDYq3HoOwsxwo09Cuda5R5nC0o0IxlrlTuvPuzSw==",
      "dependencies": {
        "@hapi/hoek": "9.x.x"
      }
    },
    "node_modules/@hapi/hoek": {
      "version": "9.3.0",
      "resolved": "https://registry.npmjs.org/@hapi/hoek/-/hoek-9.3.0.tgz",
      "integrity": "sha512-/c6rf4UJlmHlC9b5BaNvzAcFv7HZ2QHaV0D4/HNlBdvFnvQq8RI4kYdhyPCl7Xj+oWvTWQ8ujhqS53LIgAe6KQ=="
    },
    "node_modules/html-validate-offline": {
      "version": "1.0.6",
      "resolved": "https://registry.npmjs.org/html-validate-offline/-/html-validate-offline-1.0.6.tgz",
      "integrity": "sha512-GLu0rcditGQoTxgedBWK3Eag9CQUFP3cxP82ZojDVSEIe389sUEHyuvRgiJo8eHmf78wtAIwPnyC3zyxAUVGKQ==",
      "dependencies": {
        "@hapi/boom": "^9.1.3"
      }
    }
  },
  "dependencies": {
    "@adplata/html-validate-offline": {
      "version": "1.0.6",
      "resolved": "https://registry.npmjs.org/@adplata/html-validate-offline/-/html-validate-offline-1.0.6.tgz",
      "integrity": "sha512-8jXNCfz52BFnuTZqZX6pFVlVqlTcTFs8Yuy9rf9FxYC176PdyMxYy77F6ME59gUFlsx7W/Fm+O+tAGVntNsTqg==",
      "requires": {
        "@hapi/boom": "^9.1.3"
      }
    },
    "@hapi/boom": {
      "version": "9.1.4",
      "resolved": "https://registry.npmjs.org/@hapi/boom/-/boom-9.1.4.tgz",
      "integrity": "sha512-Ls1oH8jaN1vNsqcaHVYJrKmgMcKsC1wcp8bujvXrHaAqD2iDYq3HoOwsxwo09Cuda5R5nC0o0IxlrlTuvPuzSw==",
      "requires": {
        "@hapi/hoek": "9.x.x"
      }
    },
    "@hapi/hoek": {
      "version": "9.3.0",
      "resolved": "https://registry.npmjs.org/@hapi/hoek/-/hoek-9.3.0.tgz",
      "integrity": "sha512-/c6rf4UJlmHlC9b5BaNvzAcFv7HZ2QHaV0D4/HNlBdvFnvQq8RI4kYdhyPCl7Xj+oWvTWQ8ujhqS53LIgAe6KQ=="
    },
    "html-validate-offline": {
      "version": "1.0.6",
      "resolved": "https://registry.npmjs.org/html-validate-offline/-/html-validate-offline-1.0.6.tgz",
      "integrity": "sha512-GLu0rcditGQoTxgedBWK3Eag9CQUFP3cxP82ZojDVSEIe389sUEHyuvRgiJo8eHmf78wtAIwPnyC3zyxAUVGKQ==",
      "requires": {
        "@hapi/boom": "^9.1.3"
      }
    }
  }
}
